// !$*UTF8*$!
{
	archiveVersion = 1;
	classes = {
	};
	objectVersion = 56;
	objects = {

/* Begin PBXBuildFile section */
		6A3265882C43FADD00100E5B /* AppleMeetsWhisperApp.swift in Sources */ = {isa = PBXBuildFile; fileRef = 6A3265872C43FADD00100E5B /* AppleMeetsWhisperApp.swift */; };
		6A32658A2C43FADD00100E5B /* ContentView.swift in Sources */ = {isa = PBXBuildFile; fileRef = 6A3265892C43FADD00100E5B /* ContentView.swift */; };
		6A32658C2C43FADE00100E5B /* Assets.xcassets in Resources */ = {isa = PBXBuildFile; fileRef = 6A32658B2C43FADE00100E5B /* Assets.xcassets */; };
		6A32658F2C43FADE00100E5B /* Preview Assets.xcassets in Resources */ = {isa = PBXBuildFile; fileRef = 6A32658E2C43FADE00100E5B /* Preview Assets.xcassets */; };
		6A3265962C43FAEF00100E5B /* AudioViewModel.swift in Sources */ = {isa = PBXBuildFile; fileRef = 6A3265952C43FAEF00100E5B /* AudioViewModel.swift */; };
		6A3265992C43FB2600100E5B /* SwiftWhisper in Frameworks */ = {isa = PBXBuildFile; productRef = 6A3265982C43FB2600100E5B /* SwiftWhisper */; };
		6A32659C2C43FB3400100E5B /* AudioKit in Frameworks */ = {isa = PBXBuildFile; productRef = 6A32659B2C43FB3400100E5B /* AudioKit */; };
		6A32659F2C43FB6600100E5B /* tiny-encoder.mlmodelc in Resources */ = {isa = PBXBuildFile; fileRef = 6A32659D2C43FB6400100E5B /* tiny-encoder.mlmodelc */; };
		6A3265A02C43FB6600100E5B /* tiny.bin in Resources */ = {isa = PBXBuildFile; fileRef = 6A32659E2C43FB6600100E5B /* tiny.bin */; };
/* End PBXBuildFile section */

/* Begin PBXFileReference section */
		6A3265842C43FADD00100E5B /* AppleMeetsWhisper.app */ = {isa = PBXFileReference; explicitFileType = wrapper.application; includeInIndex = 0; path = AppleMeetsWhisper.app; sourceTree = BUILT_PRODUCTS_DIR; };
		6A3265872C43FADD00100E5B /* AppleMeetsWhisperApp.swift */ = {isa = PBXFileReference; lastKnownFileType = sourcecode.swift; path = AppleMeetsWhisperApp.swift; sourceTree = "<group>"; };
		6A3265892C43FADD00100E5B /* ContentView.swift */ = {isa = PBXFileReference; lastKnownFileType = sourcecode.swift; path = ContentView.swift; sourceTree = "<group>"; };
		6A32658B2C43FADE00100E5B /* Assets.xcassets */ = {isa = PBXFileReference; lastKnownFileType = folder.assetcatalog; path = Assets.xcassets; sourceTree = "<group>"; };
		6A32658E2C43FADE00100E5B /* Preview Assets.xcassets */ = {isa = PBXFileReference; lastKnownFileType = folder.assetcatalog; path = "Preview Assets.xcassets"; sourceTree = "<group>"; };
		6A3265952C43FAEF00100E5B /* AudioViewModel.swift */ = {isa = PBXFileReference; lastKnownFileType = sourcecode.swift; path = AudioViewModel.swift; sourceTree = "<group>"; };
		6A32659D2C43FB6400100E5B /* tiny-encoder.mlmodelc */ = {isa = PBXFileReference; lastKnownFileType = wrapper; path = "tiny-encoder.mlmodelc"; sourceTree = "<group>"; };
		6A32659E2C43FB6600100E5B /* tiny.bin */ = {isa = PBXFileReference; lastKnownFileType = archive.macbinary; path = tiny.bin; sourceTree = "<group>"; };
/* End PBXFileReference section */

/* Begin PBXFrameworksBuildPhase section */
		6A3265812C43FADD00100E5B /* Frameworks */ = {
			isa = PBXFrameworksBuildPhase;
			buildActionMask = 2147483647;
			files = (
				6A32659C2C43FB3400100E5B /* AudioKit in Frameworks */,
				6A3265992C43FB2600100E5B /* SwiftWhisper in Frameworks */,
			);
			runOnlyForDeploymentPostprocessing = 0;
		};
/* End PBXFrameworksBuildPhase section */

/* Begin PBXGroup section */
		6A32657B2C43FADD00100E5B = {
			isa = PBXGroup;
			children = (
				6A3265862C43FADD00100E5B /* AppleMeetsWhisper */,
				6A3265852C43FADD00100E5B /* Products */,
			);
			sourceTree = "<group>";
		};
		6A3265852C43FADD00100E5B /* Products */ = {
			isa = PBXGroup;
			children = (
				6A3265842C43FADD00100E5B /* AppleMeetsWhisper.app */,
			);
			name = Products;
			sourceTree = "<group>";
		};
		6A3265862C43FADD00100E5B /* AppleMeetsWhisper */ = {
			isa = PBXGroup;
			children = (
				6A3265872C43FADD00100E5B /* AppleMeetsWhisperApp.swift */,
				6A3265892C43FADD00100E5B /* ContentView.swift */,
				6A3265952C43FAEF00100E5B /* AudioViewModel.swift */,
				6A32659D2C43FB6400100E5B /* tiny-encoder.mlmodelc */,
				6A32659E2C43FB6600100E5B /* tiny.bin */,
				6A32658B2C43FADE00100E5B /* Assets.xcassets */,
				6A32658D2C43FADE00100E5B /* Preview Content */,
			);
			path = AppleMeetsWhisper;
			sourceTree = "<group>";
		};
		6A32658D2C43FADE00100E5B /* Preview Content */ = {
			isa = PBXGroup;
			children = (
				6A32658E2C43FADE00100E5B /* Preview Assets.xcassets */,
			);
			path = "Preview Content";
			sourceTree = "<group>";
		};
/* End PBXGroup section */

/* Begin PBXNativeTarget section */
		6A3265832C43FADD00100E5B /* AppleMeetsWhisper */ = {
			isa = PBXNativeTarget;
			buildConfigurationList = 6A3265922C43FADE00100E5B /* Build configuration list for PBXNativeTarget "AppleMeetsWhisper" */;
			buildPhases = (
				6A3265802C43FADD00100E5B /* Sources */,
				6A3265812C43FADD00100E5B /* Frameworks */,
				6A3265822C43FADD00100E5B /* Resources */,
			);
			buildRules = (
			);
			dependencies = (
			);
			name = AppleMeetsWhisper;
			packageProductDependencies = (
				6A3265982C43FB2600100E5B /* SwiftWhisper */,
				6A32659B2C43FB3400100E5B /* AudioKit */,
			);
			productName = AppleMeetsWhisper;
			productReference = 6A3265842C43FADD00100E5B /* AppleMeetsWhisper.app */;
			productType = "com.apple.product-type.application";
		};
/* End PBXNativeTarget section */

/* Begin PBXProject section */
		6A32657C2C43FADD00100E5B /* Project object */ = {
			isa = PBXProject;
			attributes = {
				BuildIndependentTargetsInParallel = 1;
				LastSwiftUpdateCheck = 1530;
				LastUpgradeCheck = 1530;
				TargetAttributes = {
					6A3265832C43FADD00100E5B = {
						CreatedOnToolsVersion = 15.3;
					};
				};
			};
			buildConfigurationList = 6A32657F2C43FADD00100E5B /* Build configuration list for PBXProject "AppleMeetsWhisper" */;
			compatibilityVersion = "Xcode 14.0";
			developmentRegion = en;
			hasScannedForEncodings = 0;
			knownRegions = (
				en,
				Base,
			);
			mainGroup = 6A32657B2C43FADD00100E5B;
			packageReferences = (
				6A3265972C43FB2600100E5B /* XCRemoteSwiftPackageReference "SwiftWhisper" */,
				6A32659A2C43FB3400100E5B /* XCRemoteSwiftPackageReference "AudioKit" */,
			);
			productRefGroup = 6A3265852C43FADD00100E5B /* Products */;
			projectDirPath = "";
			projectRoot = "";
			targets = (
				6A3265832C43FADD00100E5B /* AppleMeetsWhisper */,
			);
		};
/* End PBXProject section */

/* Begin PBXResourcesBuildPhase section */
		6A3265822C43FADD00100E5B /* Resources */ = {
			isa = PBXResourcesBuildPhase;
			buildActionMask = 2147483647;
			files = (
				6A32658F2C43FADE00100E5B /* Preview Assets.xcassets in Resources */,
				6A32659F2C43FB6600100E5B /* tiny-encoder.mlmodelc in Resources */,
				6A32658C2C43FADE00100E5B /* Assets.xcassets in Resources */,
				6A3265A02C43FB6600100E5B /* tiny.bin in Resources */,
			);
			runOnlyForDeploymentPostprocessing = 0;
		};
/* End PBXResourcesBuildPhase section */

/* Begin PBXSourcesBuildPhase section */
		6A3265802C43FADD00100E5B /* Sources */ = {
			isa = PBXSourcesBuildPhase;
			buildActionMask = 2147483647;
			files = (
				6A32658A2C43FADD00100E5B /* ContentView.swift in Sources */,
				6A3265962C43FAEF00100E5B /* AudioViewModel.swift in Sources */,
				6A3265882C43FADD00100E5B /* AppleMeetsWhisperApp.swift in Sources */,
			);
			runOnlyForDeploymentPostprocessing = 0;
		};
/* End PBXSourcesBuildPhase section */

/* Begin XCBuildConfiguration section */
		6A3265902C43FADE00100E5B /* Debug */ = {
			isa = XCBuildConfiguration;
			buildSettings = {
				ALWAYS_SEARCH_USER_PATHS = NO;
				ASSETCATALOG_COMPILER_GENERATE_SWIFT_ASSET_SYMBOL_EXTENSIONS = YES;
				CLANG_ANALYZER_NONNULL = YES;
				CLANG_ANALYZER_NUMBER_OBJECT_CONVERSION = YES_AGGRESSIVE;
				CLANG_CXX_LANGUAGE_STANDARD = "gnu++20";
				CLANG_ENABLE_MODULES = YES;
				CLANG_ENABLE_OBJC_ARC = YES;
				CLANG_ENABLE_OBJC_WEAK = YES;
				CLANG_WARN_BLOCK_CAPTURE_AUTORELEASING = YES;
				CLANG_WARN_BOOL_CONVERSION = YES;
				CLANG_WARN_COMMA = YES;
				CLANG_WARN_CONSTANT_CONVERSION = YES;
				CLANG_WARN_DEPRECATED_OBJC_IMPLEMENTATIONS = YES;
				CLANG_WARN_DIRECT_OBJC_ISA_USAGE = YES_ERROR;
				CLANG_WARN_DOCUMENTATION_COMMENTS = YES;
				CLANG_WARN_EMPTY_BODY = YES;
				CLANG_WARN_ENUM_CONVERSION = YES;
				CLANG_WARN_INFINITE_RECURSION = YES;
				CLANG_WARN_INT_CONVERSION = YES;
				CLANG_WARN_NON_LITERAL_NULL_CONVERSION = YES;
				CLANG_WARN_OBJC_IMPLICIT_RETAIN_SELF = YES;
				CLANG_WARN_OBJC_LITERAL_CONVERSION = YES;
				CLANG_WARN_OBJC_ROOT_CLASS = YES_ERROR;
				CLANG_WARN_QUOTED_INCLUDE_IN_FRAMEWORK_HEADER = YES;
				CLANG_WARN_RANGE_LOOP_ANALYSIS = YES;
				CLANG_WARN_STRICT_PROTOTYPES = YES;
				CLANG_WARN_SUSPICIOUS_MOVE = YES;
				CLANG_WARN_UNGUARDED_AVAILABILITY = YES_AGGRESSIVE;
				CLANG_WARN_UNREACHABLE_CODE = YES;
				CLANG_WARN__DUPLICATE_METHOD_MATCH = YES;
				COPY_PHASE_STRIP = NO;
				DEBUG_INFORMATION_FORMAT = dwarf;
				ENABLE_STRICT_OBJC_MSGSEND = YES;
				ENABLE_TESTABILITY = YES;
				ENABLE_USER_SCRIPT_SANDBOXING = YES;
				GCC_C_LANGUAGE_STANDARD = gnu17;
				GCC_DYNAMIC_NO_PIC = NO;
				GCC_NO_COMMON_BLOCKS = YES;
				GCC_OPTIMIZATION_LEVEL = 0;
				GCC_PREPROCESSOR_DEFINITIONS = (
					"DEBUG=1",
					"$(inherited)",
				);
				GCC_WARN_64_TO_32_BIT_CONVERSION = YES;
				GCC_WARN_ABOUT_RETURN_TYPE = YES_ERROR;
				GCC_WARN_UNDECLARED_SELECTOR = YES;
				GCC_WARN_UNINITIALIZED_AUTOS = YES_AGGRESSIVE;
				GCC_WARN_UNUSED_FUNCTION = YES;
				GCC_WARN_UNUSED_VARIABLE = YES;
				IPHONEOS_DEPLOYMENT_TARGET = 17.4;
				LOCALIZATION_PREFERS_STRING_CATALOGS = YES;
				MTL_ENABLE_DEBUG_INFO = INCLUDE_SOURCE;
				MTL_FAST_MATH = YES;
				ONLY_ACTIVE_ARCH = YES;
				SDKROOT = iphoneos;
				SWIFT_ACTIVE_COMPILATION_CONDITIONS = "DEBUG $(inherited)";
				SWIFT_OPTIMIZATION_LEVEL = "-Onone";
			};
			name = Debug;
		};
		6A3265912C43FADE00100E5B /* Release */ = {
			isa = XCBuildConfiguration;
			buildSettings = {
				ALWAYS_SEARCH_USER_PATHS = NO;
				ASSETCATALOG_COMPILER_GENERATE_SWIFT_ASSET_SYMBOL_EXTENSIONS = YES;
				CLANG_ANALYZER_NONNULL = YES;
				CLANG_ANALYZER_NUMBER_OBJECT_CONVERSION = YES_AGGRESSIVE;
				CLANG_CXX_LANGUAGE_STANDARD = "gnu++20";
				CLANG_ENABLE_MODULES = YES;
				CLANG_ENABLE_OBJC_ARC = YES;
				CLANG_ENABLE_OBJC_WEAK = YES;
				CLANG_WARN_BLOCK_CAPTURE_AUTORELEASING = YES;
				CLANG_WARN_BOOL_CONVERSION = YES;
				CLANG_WARN_COMMA = YES;
				CLANG_WARN_CONSTANT_CONVERSION = YES;
				CLANG_WARN_DEPRECATED_OBJC_IMPLEMENTATIONS = YES;
				CLANG_WARN_DIRECT_OBJC_ISA_USAGE = YES_ERROR;
				CLANG_WARN_DOCUMENTATION_COMMENTS = YES;
				CLANG_WARN_EMPTY_BODY = YES;
				CLANG_WARN_ENUM_CONVERSION = YES;
				CLANG_WARN_INFINITE_RECURSION = YES;
				CLANG_WARN_INT_CONVERSION = YES;
				CLANG_WARN_NON_LITERAL_NULL_CONVERSION = YES;
				CLANG_WARN_OBJC_IMPLICIT_RETAIN_SELF = YES;
				CLANG_WARN_OBJC_LITERAL_CONVERSION = YES;
				CLANG_WARN_OBJC_ROOT_CLASS = YES_ERROR;
				CLANG_WARN_QUOTED_INCLUDE_IN_FRAMEWORK_HEADER = YES;
				CLANG_WARN_RANGE_LOOP_ANALYSIS = YES;
				CLANG_WARN_STRICT_PROTOTYPES = YES;
				CLANG_WARN_SUSPICIOUS_MOVE = YES;
				CLANG_WARN_UNGUARDED_AVAILABILITY = YES_AGGRESSIVE;
				CLANG_WARN_UNREACHABLE_CODE = YES;
				CLANG_WARN__DUPLICATE_METHOD_MATCH = YES;
				COPY_PHASE_STRIP = NO;
				DEBUG_INFORMATION_FORMAT = "dwarf-with-dsym";
				ENABLE_NS_ASSERTIONS = NO;
				ENABLE_STRICT_OBJC_MSGSEND = YES;
				ENABLE_USER_SCRIPT_SANDBOXING = YES;
				GCC_C_LANGUAGE_STANDARD = gnu17;
				GCC_NO_COMMON_BLOCKS = YES;
				GCC_WARN_64_TO_32_BIT_CONVERSION = YES;
				GCC_WARN_ABOUT_RETURN_TYPE = YES_ERROR;
				GCC_WARN_UNDECLARED_SELECTOR = YES;
				GCC_WARN_UNINITIALIZED_AUTOS = YES_AGGRESSIVE;
				GCC_WARN_UNUSED_FUNCTION = YES;
				GCC_WARN_UNUSED_VARIABLE = YES;
				IPHONEOS_DEPLOYMENT_TARGET = 17.4;
				LOCALIZATION_PREFERS_STRING_CATALOGS = YES;
				MTL_ENABLE_DEBUG_INFO = NO;
				MTL_FAST_MATH = YES;
				SDKROOT = iphoneos;
				SWIFT_COMPILATION_MODE = wholemodule;
				VALIDATE_PRODUCT = YES;
			};
			name = Release;
		};
		6A3265932C43FADE00100E5B /* Debug */ = {
			isa = XCBuildConfiguration;
			buildSettings = {
				ASSETCATALOG_COMPILER_APPICON_NAME = AppIcon;
				ASSETCATALOG_COMPILER_GLOBAL_ACCENT_COLOR_NAME = AccentColor;
				CODE_SIGN_STYLE = Automatic;
				CURRENT_PROJECT_VERSION = 1;
				DEVELOPMENT_ASSET_PATHS = "\"AppleMeetsWhisper/Preview Content\"";
				DEVELOPMENT_TEAM = KH8B299556;
				ENABLE_PREVIEWS = YES;
				GENERATE_INFOPLIST_FILE = YES;
				INFOPLIST_KEY_UIApplicationSceneManifest_Generation = YES;
				INFOPLIST_KEY_UIApplicationSupportsIndirectInputEvents = YES;
				INFOPLIST_KEY_UILaunchScreen_Generation = YES;
				INFOPLIST_KEY_UISupportedInterfaceOrientations_iPad = "UIInterfaceOrientationPortrait UIInterfaceOrientationPortraitUpsideDown UIInterfaceOrientationLandscapeLeft UIInterfaceOrientationLandscapeRight";
				INFOPLIST_KEY_UISupportedInterfaceOrientations_iPhone = "UIInterfaceOrientationPortrait UIInterfaceOrientationLandscapeLeft UIInterfaceOrientationLandscapeRight";
				LD_RUNPATH_SEARCH_PATHS = (
					"$(inherited)",
					"@executable_path/Frameworks",
				);
				MARKETING_VERSION = 1.0;
				PRODUCT_BUNDLE_IDENTIFIER = com.arnavsinghal.AppleMeetsWhisper;
				PRODUCT_NAME = "$(TARGET_NAME)";
				SWIFT_EMIT_LOC_STRINGS = YES;
				SWIFT_VERSION = 5.0;
				TARGETED_DEVICE_FAMILY = "1,2";
			};
			name = Debug;
		};
		6A3265942C43FADE00100E5B /* Release */ = {
			isa = XCBuildConfiguration;
			buildSettings = {
				ASSETCATALOG_COMPILER_APPICON_NAME = AppIcon;
				ASSETCATALOG_COMPILER_GLOBAL_ACCENT_COLOR_NAME = AccentColor;
				CODE_SIGN_STYLE = Automatic;
				CURRENT_PROJECT_VERSION = 1;
				DEVELOPMENT_ASSET_PATHS = "\"AppleMeetsWhisper/Preview Content\"";
				DEVELOPMENT_TEAM = KH8B299556;
				ENABLE_PREVIEWS = YES;
				GENERATE_INFOPLIST_FILE = YES;
				INFOPLIST_KEY_UIApplicationSceneManifest_Generation = YES;
				INFOPLIST_KEY_UIApplicationSupportsIndirectInputEvents = YES;
				INFOPLIST_KEY_UILaunchScreen_Generation = YES;
				INFOPLIST_KEY_UISupportedInterfaceOrientations_iPad = "UIInterfaceOrientationPortrait UIInterfaceOrientationPortraitUpsideDown UIInterfaceOrientationLandscapeLeft UIInterfaceOrientationLandscapeRight";
				INFOPLIST_KEY_UISupportedInterfaceOrientations_iPhone = "UIInterfaceOrientationPortrait UIInterfaceOrientationLandscapeLeft UIInterfaceOrientationLandscapeRight";
				LD_RUNPATH_SEARCH_PATHS = (
					"$(inherited)",
					"@executable_path/Frameworks",
				);
				MARKETING_VERSION = 1.0;
				PRODUCT_BUNDLE_IDENTIFIER = com.arnavsinghal.AppleMeetsWhisper;
				PRODUCT_NAME = "$(TARGET_NAME)";
				SWIFT_EMIT_LOC_STRINGS = YES;
				SWIFT_VERSION = 5.0;
				TARGETED_DEVICE_FAMILY = "1,2";
			};
			name = Release;
		};
/* End XCBuildConfiguration section */

/* Begin XCConfigurationList section */
		6A32657F2C43FADD00100E5B /* Build configuration list for PBXProject "AppleMeetsWhisper" */ = {
			isa = XCConfigurationList;
			buildConfigurations = (
				6A3265902C43FADE00100E5B /* Debug */,
				6A3265912C43FADE00100E5B /* Release */,
			);
			defaultConfigurationIsVisible = 0;
			defaultConfigurationName = Release;
		};
		6A3265922C43FADE00100E5B /* Build configuration list for PBXNativeTarget "AppleMeetsWhisper" */ = {
			isa = XCConfigurationList;
			buildConfigurations = (
				6A3265932C43FADE00100E5B /* Debug */,
				6A3265942C43FADE00100E5B /* Release */,
			);
			defaultConfigurationIsVisible = 0;
			defaultConfigurationName = Release;
		};
/* End XCConfigurationList section */

/* Begin XCRemoteSwiftPackageReference section */
		6A3265972C43FB2600100E5B /* XCRemoteSwiftPackageReference "SwiftWhisper" */ = {
			isa = XCRemoteSwiftPackageReference;
			repositoryURL = "https://github.com/exPHAT/SwiftWhisper?tab=readme-ov-file";
			requirement = {
				kind = upToNextMajorVersion;
				minimumVersion = 1.2.0;
			};
		};
		6A32659A2C43FB3400100E5B /* XCRemoteSwiftPackageReference "AudioKit" */ = {
			isa = XCRemoteSwiftPackageReference;
			repositoryURL = "https://github.com/AudioKit/AudioKit";
			requirement = {
				kind = upToNextMajorVersion;
				minimumVersion = 5.6.4;
			};
		};
/* End XCRemoteSwiftPackageReference section */

/* Begin XCSwiftPackageProductDependency section */
		6A3265982C43FB2600100E5B /* SwiftWhisper */ = {
			isa = XCSwiftPackageProductDependency;
			package = 6A3265972C43FB2600100E5B /* XCRemoteSwiftPackageReference "SwiftWhisper" */;
			productName = SwiftWhisper;
		};
		6A32659B2C43FB3400100E5B /* AudioKit */ = {
			isa = XCSwiftPackageProductDependency;
			package = 6A32659A2C43FB3400100E5B /* XCRemoteSwiftPackageReference "AudioKit" */;
			productName = AudioKit;
		};
/* End XCSwiftPackageProductDependency section */
	};
	rootObject = 6A32657C2C43FADD00100E5B /* Project object */;
}
